dependencies:
- name: hypha-server
  repository: file://../hypha-server
  version: 0.20.80
- name: minio
  repository: https://charts.bitnami.com/bitnami
  version: 17.0.16
- name: postgresql
  repository: https://charts.bitnami.com/bitnami
  version: 16.3.2
- name: redis
  repository: https://charts.bitnami.com/bitnami
  version: 21.2.13
digest: sha256:06fbdcf71847cb4b62f7ddeb78b81ccc503ed0f530e023a0c4562e4176dfa6cb
generated: "2025-07-31T12:16:04.734002-07:00"
