dependencies:
- name: hypha-server
  repository: file://../hypha-server
  version: 0.21.43
- name: minio
  repository: https://charts.bitnami.com/bitnami
  version: 17.0.16
- name: postgresql
  repository: https://charts.bitnami.com/bitnami
  version: 16.3.2
- name: redis
  repository: https://charts.bitnami.com/bitnami
  version: 21.2.13
digest: sha256:e0e7df14ca22ac72599b61718991d44f096afab722505254bf161842e0f131b7
generated: "2025-08-03T21:41:03.15059-07:00"
